
Microsoft Visual Studio Solution File, Format Version 12.00
# Visual Studio Version 17
VisualStudioVersion = 17.13.35931.197
MinimumVisualStudioVersion = 10.0.40219.1
Project("{FAE04EC0-301F-11D3-BF4B-00C04F79EFBC}") = "Domain", "Domain\Domain.csproj", "{FC36B970-0B87-47EB-B5A3-DBA6F31AB3DF}"
EndProject
Project("{FAE04EC0-301F-11D3-BF4B-00C04F79EFBC}") = "Application", "Services\Application.csproj", "{6AB39E13-7B80-4BFD-BB94-98AD3447A3CA}"
EndProject
Project("{FAE04EC0-301F-11D3-BF4B-00C04F79EFBC}") = "UiNetEquus", "UiNetEquus\UiNetEquus.csproj", "{8927A1B6-C054-43FC-87DF-E9B5E02C8D11}"
EndProject
Project("{FAE04EC0-301F-11D3-BF4B-00C04F79EFBC}") = "Infrastructure", "DAL\Infrastructure.csproj", "{10295CEA-01D5-4F51-AFCC-F3FD02F127E0}"
EndProject
Project("{FAE04EC0-301F-11D3-BF4B-00C04F79EFBC}") = "NetEquusTest", "..\..\Users\Rebel\OneDrive\Skrivebord\NetEquus-Local\NetEquusTest\NetEquusTest.csproj", "{A3FFC063-CAC0-48A8-941E-2BC29468C0B6}"
EndProject
Global
	GlobalSection(SolutionConfigurationPlatforms) = preSolution
		Debug|Any CPU = Debug|Any CPU
		Release|Any CPU = Release|Any CPU
	EndGlobalSection
	GlobalSection(ProjectConfigurationPlatforms) = postSolution
		{FC36B970-0B87-47EB-B5A3-DBA6F31AB3DF}.Debug|Any CPU.ActiveCfg = Debug|Any CPU
		{FC36B970-0B87-47EB-B5A3-DBA6F31AB3DF}.Debug|Any CPU.Build.0 = Debug|Any CPU
		{FC36B970-0B87-47EB-B5A3-DBA6F31AB3DF}.Release|Any CPU.ActiveCfg = Release|Any CPU
		{FC36B970-0B87-47EB-B5A3-DBA6F31AB3DF}.Release|Any CPU.Build.0 = Release|Any CPU
		{6AB39E13-7B80-4BFD-BB94-98AD3447A3CA}.Debug|Any CPU.ActiveCfg = Debug|Any CPU
		{6AB39E13-7B80-4BFD-BB94-98AD3447A3CA}.Debug|Any CPU.Build.0 = Debug|Any CPU
		{6AB39E13-7B80-4BFD-BB94-98AD3447A3CA}.Release|Any CPU.ActiveCfg = Release|Any CPU
		{6AB39E13-7B80-4BFD-BB94-98AD3447A3CA}.Release|Any CPU.Build.0 = Release|Any CPU
		{8927A1B6-C054-43FC-87DF-E9B5E02C8D11}.Debug|Any CPU.ActiveCfg = Debug|Any CPU
		{8927A1B6-C054-43FC-87DF-E9B5E02C8D11}.Debug|Any CPU.Build.0 = Debug|Any CPU
		{8927A1B6-C054-43FC-87DF-E9B5E02C8D11}.Release|Any CPU.ActiveCfg = Release|Any CPU
		{8927A1B6-C054-43FC-87DF-E9B5E02C8D11}.Release|Any CPU.Build.0 = Release|Any CPU
		{10295CEA-01D5-4F51-AFCC-F3FD02F127E0}.Debug|Any CPU.ActiveCfg = Debug|Any CPU
		{10295CEA-01D5-4F51-AFCC-F3FD02F127E0}.Debug|Any CPU.Build.0 = Debug|Any CPU
		{10295CEA-01D5-4F51-AFCC-F3FD02F127E0}.Release|Any CPU.ActiveCfg = Release|Any CPU
		{10295CEA-01D5-4F51-AFCC-F3FD02F127E0}.Release|Any CPU.Build.0 = Release|Any CPU
		{A3FFC063-CAC0-48A8-941E-2BC29468C0B6}.Debug|Any CPU.ActiveCfg = Debug|Any CPU
		{A3FFC063-CAC0-48A8-941E-2BC29468C0B6}.Debug|Any CPU.Build.0 = Debug|Any CPU
		{A3FFC063-CAC0-48A8-941E-2BC29468C0B6}.Release|Any CPU.ActiveCfg = Release|Any CPU
		{A3FFC063-CAC0-48A8-941E-2BC29468C0B6}.Release|Any CPU.Build.0 = Release|Any CPU
	EndGlobalSection
	GlobalSection(SolutionProperties) = preSolution
		HideSolutionNode = FALSE
	EndGlobalSection
	GlobalSection(ExtensibilityGlobals) = postSolution
		SolutionGuid = {965C59F6-EB09-40A4-86B8-813DC41B84F2}
	EndGlobalSection
EndGlobal
